
Microsoft Visual Studio Solution File, Format Version 12.00
# Visual Studio Version 17
VisualStudioVersion = 17.13.35919.96
MinimumVisualStudioVersion = 10.0.40219.1
Project("{FAE04EC0-301F-11D3-BF4B-00C04F79EFBC}") = "E_Framework", "E_Framework\E_Framework.csproj", "{98E2FB2C-C56A-4FAA-B43F-0697BC53B30F}"
EndProject
Global
	GlobalSection(SolutionConfigurationPlatforms) = preSolution
		Debug|Any CPU = Debug|Any CPU
		Release|Any CPU = Release|Any CPU
	EndGlobalSection
	GlobalSection(ProjectConfigurationPlatforms) = postSolution
		{98E2FB2C-C56A-4FAA-B43F-0697BC53B30F}.Debug|Any CPU.ActiveCfg = Debug|Any CPU
		{98E2FB2C-C56A-4FAA-B43F-0697BC53B30F}.Debug|Any CPU.Build.0 = Debug|Any CPU
		{98E2FB2C-C56A-4FAA-B43F-0697BC53B30F}.Release|Any CPU.ActiveCfg = Release|Any CPU
		{98E2FB2C-C56A-4FAA-B43F-0697BC53B30F}.Release|Any CPU.Build.0 = Release|Any CPU
	EndGlobalSection
	GlobalSection(SolutionProperties) = preSolution
		HideSolutionNode = FALSE
	EndGlobalSection
	GlobalSection(ExtensibilityGlobals) = postSolution
		SolutionGuid = {3D708809-CC29-4946-8030-554E00131150}
	EndGlobalSection
EndGlobal
