
Microsoft Visual Studio Solution File, Format Version 12.00
# Visual Studio Version 17
VisualStudioVersion = 17.13.35919.96 d17.13
MinimumVisualStudioVersion = 10.0.40219.1
Project("{FAE04EC0-301F-11D3-BF4B-00C04F79EFBC}") = "Finally_Core", "Finally_Core\Finally_Core.csproj", "{CADBF6D1-BC4E-4137-9688-A2EF6E0D171E}"
EndProject
Project("{FAE04EC0-301F-11D3-BF4B-00C04F79EFBC}") = "BLL", "BLL\BLL.csproj", "{0678EBFF-1438-47DE-8B08-4756373C48A6}"
EndProject
Project("{FAE04EC0-301F-11D3-BF4B-00C04F79EFBC}") = "DLL", "DLL\DLL.csproj", "{1F95C862-C468-4AC5-90FA-AD80ECCD0A75}"
EndProject
Global
	GlobalSection(SolutionConfigurationPlatforms) = preSolution
		Debug|Any CPU = Debug|Any CPU
		Release|Any CPU = Release|Any CPU
	EndGlobalSection
	GlobalSection(ProjectConfigurationPlatforms) = postSolution
		{CADBF6D1-BC4E-4137-9688-A2EF6E0D171E}.Debug|Any CPU.ActiveCfg = Debug|Any CPU
		{CADBF6D1-BC4E-4137-9688-A2EF6E0D171E}.Debug|Any CPU.Build.0 = Debug|Any CPU
		{CADBF6D1-BC4E-4137-9688-A2EF6E0D171E}.Release|Any CPU.ActiveCfg = Release|Any CPU
		{CADBF6D1-BC4E-4137-9688-A2EF6E0D171E}.Release|Any CPU.Build.0 = Release|Any CPU
		{0678EBFF-1438-47DE-8B08-4756373C48A6}.Debug|Any CPU.ActiveCfg = Debug|Any CPU
		{0678EBFF-1438-47DE-8B08-4756373C48A6}.Debug|Any CPU.Build.0 = Debug|Any CPU
		{0678EBFF-1438-47DE-8B08-4756373C48A6}.Release|Any CPU.ActiveCfg = Release|Any CPU
		{0678EBFF-1438-47DE-8B08-4756373C48A6}.Release|Any CPU.Build.0 = Release|Any CPU
		{1F95C862-C468-4AC5-90FA-AD80ECCD0A75}.Debug|Any CPU.ActiveCfg = Debug|Any CPU
		{1F95C862-C468-4AC5-90FA-AD80ECCD0A75}.Debug|Any CPU.Build.0 = Debug|Any CPU
		{1F95C862-C468-4AC5-90FA-AD80ECCD0A75}.Release|Any CPU.ActiveCfg = Release|Any CPU
		{1F95C862-C468-4AC5-90FA-AD80ECCD0A75}.Release|Any CPU.Build.0 = Release|Any CPU
	EndGlobalSection
	GlobalSection(SolutionProperties) = preSolution
		HideSolutionNode = FALSE
	EndGlobalSection
	GlobalSection(ExtensibilityGlobals) = postSolution
		SolutionGuid = {BB27A859-34C8-4442-9475-14E9D2E17616}
	EndGlobalSection
EndGlobal
