
Microsoft Visual Studio Solution File, Format Version 12.00
# Visual Studio Version 17
VisualStudioVersion = 17.13.35919.96 d17.13
MinimumVisualStudioVersion = 10.0.40219.1
Project("{FAE04EC0-301F-11D3-BF4B-00C04F79EFBC}") = "Network_task", "Network_task\Network_task.csproj", "{14F0D889-5F82-4D9F-AB0A-0B791E5C4084}"
EndProject
Global
	GlobalSection(SolutionConfigurationPlatforms) = preSolution
		Debug|Any CPU = Debug|Any CPU
		Release|Any CPU = Release|Any CPU
	EndGlobalSection
	GlobalSection(ProjectConfigurationPlatforms) = postSolution
		{14F0D889-5F82-4D9F-AB0A-0B791E5C4084}.Debug|Any CPU.ActiveCfg = Debug|Any CPU
		{14F0D889-5F82-4D9F-AB0A-0B791E5C4084}.Debug|Any CPU.Build.0 = Debug|Any CPU
		{14F0D889-5F82-4D9F-AB0A-0B791E5C4084}.Release|Any CPU.ActiveCfg = Release|Any CPU
		{14F0D889-5F82-4D9F-AB0A-0B791E5C4084}.Release|Any CPU.Build.0 = Release|Any CPU
	EndGlobalSection
	GlobalSection(SolutionProperties) = preSolution
		HideSolutionNode = FALSE
	EndGlobalSection
	GlobalSection(ExtensibilityGlobals) = postSolution
		SolutionGuid = {7EA114F5-5118-4787-82DA-2209F60984B1}
	EndGlobalSection
EndGlobal
