
Microsoft Visual Studio Solution File, Format Version 12.00
# Visual Studio Version 17
VisualStudioVersion = 17.13.35919.96 d17.13
MinimumVisualStudioVersion = 10.0.40219.1
Project("{FAE04EC0-301F-11D3-BF4B-00C04F79EFBC}") = "WpfApp1", "WpfApp1\WpfApp1.csproj", "{B84DA478-3F0E-4FA3-BEC5-C4E8BFD177D3}"
EndProject
Global
	GlobalSection(SolutionConfigurationPlatforms) = preSolution
		Debug|Any CPU = Debug|Any CPU
		Release|Any CPU = Release|Any CPU
	EndGlobalSection
	GlobalSection(ProjectConfigurationPlatforms) = postSolution
		{B84DA478-3F0E-4FA3-BEC5-C4E8BFD177D3}.Debug|Any CPU.ActiveCfg = Debug|Any CPU
		{B84DA478-3F0E-4FA3-BEC5-C4E8BFD177D3}.Debug|Any CPU.Build.0 = Debug|Any CPU
		{B84DA478-3F0E-4FA3-BEC5-C4E8BFD177D3}.Release|Any CPU.ActiveCfg = Release|Any CPU
		{B84DA478-3F0E-4FA3-BEC5-C4E8BFD177D3}.Release|Any CPU.Build.0 = Release|Any CPU
	EndGlobalSection
	GlobalSection(SolutionProperties) = preSolution
		HideSolutionNode = FALSE
	EndGlobalSection
	GlobalSection(ExtensibilityGlobals) = postSolution
		SolutionGuid = {984637AE-B9D8-451C-A416-C23460AEBF2A}
	EndGlobalSection
EndGlobal
